
Microsoft Visual Studio Solution File, Format Version 12.00
# Visual Studio Version 17
VisualStudioVersion = 17.9.34723.18
MinimumVisualStudioVersion = 10.0.40219.1
Project("{FAE04EC0-301F-11D3-BF4B-00C04F79EFBC}") = "Boucles", "Boucles.csproj", "{3A8F7070-D72F-48A8-93CB-F15FFBCD8C8F}"
EndProject
Global
	GlobalSection(SolutionConfigurationPlatforms) = preSolution
		Debug|Any CPU = Debug|Any CPU
		Release|Any CPU = Release|Any CPU
	EndGlobalSection
	GlobalSection(ProjectConfigurationPlatforms) = postSolution
		{3A8F7070-D72F-48A8-93CB-F15FFBCD8C8F}.Debug|Any CPU.ActiveCfg = Debug|Any CPU
		{3A8F7070-D72F-48A8-93CB-F15FFBCD8C8F}.Debug|Any CPU.Build.0 = Debug|Any CPU
		{3A8F7070-D72F-48A8-93CB-F15FFBCD8C8F}.Release|Any CPU.ActiveCfg = Release|Any CPU
		{3A8F7070-D72F-48A8-93CB-F15FFBCD8C8F}.Release|Any CPU.Build.0 = Release|Any CPU
	EndGlobalSection
	GlobalSection(SolutionProperties) = preSolution
		HideSolutionNode = FALSE
	EndGlobalSection
	GlobalSection(ExtensibilityGlobals) = postSolution
		SolutionGuid = {EC8ED151-1D17-488E-9EC5-05687AEAEDA8}
	EndGlobalSection
EndGlobal
